
Microsoft Visual Studio Solution File, Format Version 12.00
# Visual Studio 14
VisualStudioVersion = 14.0.25420.1
MinimumVisualStudioVersion = 10.0.40219.1
Project("{2150E333-8FDC-42A3-9474-1A3956D46DE8}") = "src", "src", "{E4B72727-9DC0-439C-A2A2-250D3043BB1F}"
EndProject
Project("{2150E333-8FDC-42A3-9474-1A3956D46DE8}") = "Solution Items", "Solution Items", "{D65293F4-5BCA-444A-A7F2-80128AD80037}"
	ProjectSection(SolutionItems) = preProject
		global.json = global.json
	EndProjectSection
EndProject
Project("{8BB2217D-0F2D-49D1-97BC-3654ED321F3B}") = "FizzBuzzTDDKata", "src\FizzBuzzTDDKata\FizzBuzzTDDKata.xproj", "{24CB8223-59EF-435B-9E98-39A57E676F84}"
EndProject
Global
	GlobalSection(SolutionConfigurationPlatforms) = preSolution
		Debug|Any CPU = Debug|Any CPU
		Release|Any CPU = Release|Any CPU
	EndGlobalSection
	GlobalSection(ProjectConfigurationPlatforms) = postSolution
		{24CB8223-59EF-435B-9E98-39A57E676F84}.Debug|Any CPU.ActiveCfg = Debug|Any CPU
		{24CB8223-59EF-435B-9E98-39A57E676F84}.Debug|Any CPU.Build.0 = Debug|Any CPU
		{24CB8223-59EF-435B-9E98-39A57E676F84}.Release|Any CPU.ActiveCfg = Release|Any CPU
		{24CB8223-59EF-435B-9E98-39A57E676F84}.Release|Any CPU.Build.0 = Release|Any CPU
	EndGlobalSection
	GlobalSection(SolutionProperties) = preSolution
		HideSolutionNode = FALSE
	EndGlobalSection
	GlobalSection(NestedProjects) = preSolution
		{24CB8223-59EF-435B-9E98-39A57E676F84} = {E4B72727-9DC0-439C-A2A2-250D3043BB1F}
	EndGlobalSection
EndGlobal
